
Microsoft Visual Studio Solution File, Format Version 12.00
# Visual Studio Version 17
VisualStudioVersion = 17.4.33205.214
MinimumVisualStudioVersion = 10.0.40219.1
Project("{FAE04EC0-301F-11D3-BF4B-00C04F79EFBC}") = "HZHWProject", "HZHWProject\HZHWProject.csproj", "{A85CB603-FAC0-4500-8029-850A4F2A1FCD}"
EndProject
Global
	GlobalSection(SolutionConfigurationPlatforms) = preSolution
		Debug|Any CPU = Debug|Any CPU
		Release|Any CPU = Release|Any CPU
	EndGlobalSection
	GlobalSection(ProjectConfigurationPlatforms) = postSolution
		{A85CB603-FAC0-4500-8029-850A4F2A1FCD}.Debug|Any CPU.ActiveCfg = Debug|Any CPU
		{A85CB603-FAC0-4500-8029-850A4F2A1FCD}.Debug|Any CPU.Build.0 = Debug|Any CPU
		{A85CB603-FAC0-4500-8029-850A4F2A1FCD}.Release|Any CPU.ActiveCfg = Release|Any CPU
		{A85CB603-FAC0-4500-8029-850A4F2A1FCD}.Release|Any CPU.Build.0 = Release|Any CPU
	EndGlobalSection
	GlobalSection(SolutionProperties) = preSolution
		HideSolutionNode = FALSE
	EndGlobalSection
	GlobalSection(ExtensibilityGlobals) = postSolution
		SolutionGuid = {4A7AC150-B7B0-41A3-8C7D-45D336A96CEF}
	EndGlobalSection
EndGlobal
